Microsoft Visual Studio Solution File, Format Version 12.00
# Visual Studio Version 17
VisualStudioVersion = 17.0.31903.59
MinimumVisualStudioVersion = 10.0.40219.1
Project("{FAE04EC0-301F-11D3-BF4B-00C04F79EFBC}") = "RetailStoreManagement", "RetailStoreManagement\RetailStoreManagement.csproj", "{B1B22222-B1B1-4B1B-B1B1-B1B1B1B1B1B1}"
EndProject
Project("{FAE04EC0-301F-11D3-BF4B-00C04F79EFBC}") = "RetailStoreManagement.Tests", "RetailStoreManagement.Tests\RetailStoreManagement.Tests.csproj", "{F20D4D90-6350-4F91-9151-A294D054EF98}"
EndProject
Global
	GlobalSection(SolutionConfigurationPlatforms) = preSolution
		Debug|Any CPU = Debug|Any CPU
		Release|Any CPU = Release|Any CPU
	EndGlobalSection
	GlobalSection(ProjectConfigurationPlatforms) = postSolution
		{B1B22222-B1B1-4B1B-B1B1-B1B1B1B1B1B1}.Debug|Any CPU.ActiveCfg = Debug|Any CPU
		{B1B22222-B1B1-4B1B-B1B1-B1B1B1B1B1B1}.Debug|Any CPU.Build.0 = Debug|Any CPU
		{B1B22222-B1B1-4B1B-B1B1-B1B1B1B1B1B1}.Release|Any CPU.ActiveCfg = Release|Any CPU
		{B1B22222-B1B1-4B1B-B1B1-B1B1B1B1B1B1}.Release|Any CPU.Build.0 = Release|Any CPU
		{F20D4D90-6350-4F91-9151-A294D054EF98}.Debug|Any CPU.ActiveCfg = Debug|Any CPU
		{F20D4D90-6350-4F91-9151-A294D054EF98}.Debug|Any CPU.Build.0 = Debug|Any CPU
		{F20D4D90-6350-4F91-9151-A294D054EF98}.Release|Any CPU.ActiveCfg = Release|Any CPU
		{F20D4D90-6350-4F91-9151-A294D054EF98}.Release|Any CPU.Build.0 = Release|Any CPU
	EndGlobalSection
	GlobalSection(SolutionProperties) = preSolution
		HideSolutionNode = FALSE
	EndGlobalSection
EndGlobal
